
Microsoft Visual Studio Solution File, Format Version 12.00
# Visual Studio Version 17
VisualStudioVersion = 17.0.32112.339
MinimumVisualStudioVersion = 10.0.40219.1
Project("{FAE04EC0-301F-11D3-BF4B-00C04F79EFBC}") = "Space Race", "Space Race\Space Race.csproj", "{73644906-9BA5-4315-BFF1-CF0F620E6D9F}"
EndProject
Global
	GlobalSection(SolutionConfigurationPlatforms) = preSolution
		Debug|Any CPU = Debug|Any CPU
		Release|Any CPU = Release|Any CPU
	EndGlobalSection
	GlobalSection(ProjectConfigurationPlatforms) = postSolution
		{73644906-9BA5-4315-BFF1-CF0F620E6D9F}.Debug|Any CPU.ActiveCfg = Debug|Any CPU
		{73644906-9BA5-4315-BFF1-CF0F620E6D9F}.Debug|Any CPU.Build.0 = Debug|Any CPU
		{73644906-9BA5-4315-BFF1-CF0F620E6D9F}.Release|Any CPU.ActiveCfg = Release|Any CPU
		{73644906-9BA5-4315-BFF1-CF0F620E6D9F}.Release|Any CPU.Build.0 = Release|Any CPU
	EndGlobalSection
	GlobalSection(SolutionProperties) = preSolution
		HideSolutionNode = FALSE
	EndGlobalSection
	GlobalSection(ExtensibilityGlobals) = postSolution
		SolutionGuid = {6AE79CD3-354A-4540-BFA4-9536F7E3257F}
	EndGlobalSection
EndGlobal
